<?xml version="1.0" encoding="utf-8"?>
<Project ToolsVersion="4.0" xmlns="http://schemas.microsoft.com/developer/msbuild/2003">
  <ItemGroup>
    <Filter Include="Source Files">
      <UniqueIdentifier>{4FC737F1-C7A5-4376-A066-2A32D752A2FF}</UniqueIdentifier>
      <Extensions>cpp;c;cc;cxx;c++;cppm;ixx;def;odl;idl;hpj;bat;asm;asmx</Extensions>
    </Filter>
    <Filter Include="Header Files">
      <UniqueIdentifier>{93995380-89BD-4b04-88EB-625FBE52EBFB}</UniqueIdentifier>
      <Extensions>h;hh;hpp;hxx;h++;hm;inl;inc;ipp;xsd</Extensions>
    </Filter>
    <Filter Include="Resource Files">
      <UniqueIdentifier>{67DA6AB6-F800-4c08-8B7A-83BB121AAD01}</UniqueIdentifier>
      <Extensions>rc;ico;cur;bmp;dlg;rc2;rct;bin;rgs;gif;jpg;jpeg;jpe;resx;tiff;tif;png;wav;mfcribbon-ms</Extensions>
    </Filter>
  </ItemGroup>
  <ItemGroup>
    <ClCompile Include="core\entrypoint.cpp">
      <Filter>Source Files</Filter>
    </ClCompile>
    <ClCompile Include="framework\imgui.cpp">
      <Filter>Source Files</Filter>
    </ClCompile>
    <ClCompile Include="framework\imgui_combo.cpp">
      <Filter>Source Files</Filter>
    </ClCompile>
    <ClCompile Include="framework\imgui_demo.cpp">
      <Filter>Source Files</Filter>
    </ClCompile>
    <ClCompile Include="framework\imgui_draw.cpp">
      <Filter>Source Files</Filter>
    </ClCompile>
    <ClCompile Include="framework\imgui_impl_dx11.cpp">
      <Filter>Source Files</Filter>
    </ClCompile>
    <ClCompile Include="framework\imgui_impl_win32.cpp">
      <Filter>Source Files</Filter>
    </ClCompile>
    <ClCompile Include="framework\imgui_tables.cpp">
      <Filter>Source Files</Filter>
    </ClCompile>
    <ClCompile Include="framework\imgui_widgets.cpp">
      <Filter>Source Files</Filter>
    </ClCompile>
    <ClCompile Include="framework\imgui_impl_dx9.cpp">
      <Filter>Source Files</Filter>
    </ClCompile>
  </ItemGroup>
  <ItemGroup>
    <ClInclude Include="dependencies\includes.h">
      <Filter>Header Files</Filter>
    </ClInclude>
    <ClInclude Include="dependencies\configs\configs.h">
      <Filter>Header Files</Filter>
    </ClInclude>
    <ClInclude Include="dependencies\loader\console.h">
      <Filter>Header Files</Filter>
    </ClInclude>
    <ClInclude Include="dependencies\loader\console_color.h">
      <Filter>Header Files</Filter>
    </ClInclude>
    <ClInclude Include="dependencies\module_array\module_array.h">
      <Filter>Header Files</Filter>
    </ClInclude>
    <ClInclude Include="core\bytes\bytes.h">
      <Filter>Header Files</Filter>
    </ClInclude>
    <ClInclude Include="core\misc\core.h">
      <Filter>Header Files</Filter>
    </ClInclude>
    <ClInclude Include="core\misc\misc.h">
      <Filter>Header Files</Filter>
    </ClInclude>
    <ClInclude Include="framework\burbank.hpp">
      <Filter>Header Files</Filter>
    </ClInclude>
    <ClInclude Include="framework\colors_widgets.h">
      <Filter>Header Files</Filter>
    </ClInclude>
    <ClInclude Include="framework\font_awesome.h">
      <Filter>Header Files</Filter>
    </ClInclude>
    <ClInclude Include="framework\fonts.h">
      <Filter>Header Files</Filter>
    </ClInclude>
    <ClInclude Include="framework\icons.h">
      <Filter>Header Files</Filter>
    </ClInclude>
    <ClInclude Include="framework\images.h">
      <Filter>Header Files</Filter>
    </ClInclude>
    <ClInclude Include="framework\imconfig.h">
      <Filter>Header Files</Filter>
    </ClInclude>
    <ClInclude Include="framework\imgui.h">
      <Filter>Header Files</Filter>
    </ClInclude>
    <ClInclude Include="framework\imgui_combo.hpp">
      <Filter>Header Files</Filter>
    </ClInclude>
    <ClInclude Include="framework\imgui_impl_dx11.h">
      <Filter>Header Files</Filter>
    </ClInclude>
    <ClInclude Include="framework\imgui_impl_win32.h">
      <Filter>Header Files</Filter>
    </ClInclude>
    <ClInclude Include="framework\imgui_internal.h">
      <Filter>Header Files</Filter>
    </ClInclude>
    <ClInclude Include="framework\imstb_rectpack.h">
      <Filter>Header Files</Filter>
    </ClInclude>
    <ClInclude Include="framework\imstb_textedit.h">
      <Filter>Header Files</Filter>
    </ClInclude>
    <ClInclude Include="framework\imstb_truetype.h">
      <Filter>Header Files</Filter>
    </ClInclude>
    <ClInclude Include="framework\logo.hpp">
      <Filter>Header Files</Filter>
    </ClInclude>
    <ClInclude Include="framework\settings.h">
      <Filter>Header Files</Filter>
    </ClInclude>
    <ClInclude Include="utilities\impl\driver.hpp">
      <Filter>Header Files</Filter>
    </ClInclude>
    <ClInclude Include="utilities\overlay\render.h">
      <Filter>Header Files</Filter>
    </ClInclude>
    <ClInclude Include="utilities\overlay\menu\drawing.h">
      <Filter>Header Files</Filter>
    </ClInclude>
    <ClInclude Include="utilities\overlay\menu\menu.h">
      <Filter>Header Files</Filter>
    </ClInclude>
    <ClInclude Include="utilities\overlay\other\fonts\burbank.hpp">
      <Filter>Header Files</Filter>
    </ClInclude>
    <ClInclude Include="utilities\overlay\other\fonts\font.h">
      <Filter>Header Files</Filter>
    </ClInclude>
    <ClInclude Include="utilities\overlay\other\fonts\iconcpp.h">
      <Filter>Header Files</Filter>
    </ClInclude>
    <ClInclude Include="utilities\overlay\other\fonts\icons.h">
      <Filter>Header Files</Filter>
    </ClInclude>
    <ClInclude Include="utilities\sdk\aimbot\aimbot.h">
      <Filter>Header Files</Filter>
    </ClInclude>
    <ClInclude Include="utilities\sdk\aimbot\keybind.h">
      <Filter>Header Files</Filter>
    </ClInclude>
    <ClInclude Include="utilities\sdk\cache\actorloop.h">
      <Filter>Header Files</Filter>
    </ClInclude>
    <ClInclude Include="utilities\sdk\cache\drawing.h">
      <Filter>Header Files</Filter>
    </ClInclude>
    <ClInclude Include="utilities\sdk\render\camera.h">
      <Filter>Header Files</Filter>
    </ClInclude>
    <ClInclude Include="utilities\sdk\render\functions.h">
      <Filter>Header Files</Filter>
    </ClInclude>
    <ClInclude Include="utilities\sdk\render\sdk.h">
      <Filter>Header Files</Filter>
    </ClInclude>
    <ClInclude Include="utilities\sdk\utils\offsets.h">
      <Filter>Header Files</Filter>
    </ClInclude>
    <ClInclude Include="utilities\sdk\utils\settings.h">
      <Filter>Header Files</Filter>
    </ClInclude>
    <ClInclude Include="utilities\sdk\utils\utils.h">
      <Filter>Header Files</Filter>
    </ClInclude>
    <ClInclude Include="utilities\overlay\menu\radar.h">
      <Filter>Header Files</Filter>
    </ClInclude>
    <ClInclude Include="framework\crypt.h">
      <Filter>Header Files</Filter>
    </ClInclude>
    <ClInclude Include="framework\xorstr.hpp">
      <Filter>Header Files</Filter>
    </ClInclude>
    <ClInclude Include="framework\imgui_impl_dx9.h">
      <Filter>Header Files</Filter>
    </ClInclude>
    <ClInclude Include="core\auth\skStr.h">
      <Filter>Header Files</Filter>
    </ClInclude>
    <ClInclude Include="core\auth\utils.hpp">
      <Filter>Header Files</Filter>
    </ClInclude>
    <ClInclude Include="logo.h">
      <Filter>Header Files</Filter>
    </ClInclude>
    <ClInclude Include="fontsshit.h">
      <Filter>Header Files</Filter>
    </ClInclude>
    <ClInclude Include="utilities\overlay\icons.h">
      <Filter>Header Files</Filter>
    </ClInclude>
    <ClInclude Include="memory\mapper\drv.h">
      <Filter>Header Files</Filter>
    </ClInclude>
    <ClInclude Include="memory\mapper\Mapper.hpp">
      <Filter>Header Files</Filter>
    </ClInclude>
    <ClInclude Include="Auth\auth.hpp">
      <Filter>Header Files</Filter>
    </ClInclude>
    <ClInclude Include="Auth\json.hpp">
      <Filter>Header Files</Filter>
    </ClInclude>
    <ClInclude Include="Auth\skStr.h">
      <Filter>Header Files</Filter>
    </ClInclude>
    <ClInclude Include="Auth\utils.hpp">
      <Filter>Header Files</Filter>
    </ClInclude>
    <ClInclude Include="charliekurk.h">
      <Filter>Header Files</Filter>
    </ClInclude>
    <ClInclude Include="ice.h">
      <Filter>Header Files</Filter>
    </ClInclude>
  </ItemGroup>
  <ItemGroup>
    <Library Include="framework\d3d11.lib" />
    <Library Include="libcurl.lib" />
    <Library Include="SonyDriverHelper.lib" />
    <Library Include="library_x64.lib" />
    <Library Include="Auth\library_x64.lib" />
  </ItemGroup>
  <ItemGroup>
    <None Include="packages.config" />
  </ItemGroup>
</Project>